// !$*UTF8*$!
{
	archiveVersion = 1;
	classes = {
	};
	objectVersion = 46;
	objects = {

/* Begin PBXBuildFile section */
		9813E11D1EED91BB009F1495 /* XUIProperty.h in Headers */ = {isa = PBXBuildFile; fileRef = 9813E11B1EED91BB009F1495 /* XUIProperty.h */; };
		9813E11E1EED91BB009F1495 /* XUIProperty.m in Sources */ = {isa = PBXBuildFile; fileRef = 9813E11C1EED91BB009F1495 /* XUIProperty.m */; };
		98514C5C1EEEDCC20001B8A6 /* NSColor+XUIAdditions.h in Headers */ = {isa = PBXBuildFile; fileRef = 98514C5A1EEEDCC20001B8A6 /* NSColor+XUIAdditions.h */; settings = {ATTRIBUTES = (Public, ); }; };
		9854CFBE1EED212C008A3454 /* XUIResponder.h in Headers */ = {isa = PBXBuildFile; fileRef = 9854CFBC1EED212C008A3454 /* XUIResponder.h */; settings = {ATTRIBUTES = (Public, ); }; };
		9854CFBF1EED212C008A3454 /* XUIResponder.m in Sources */ = {isa = PBXBuildFile; fileRef = 9854CFBD1EED212C008A3454 /* XUIResponder.m */; };
		9854CFE01EED2EA4008A3454 /* XUIView.h in Headers */ = {isa = PBXBuildFile; fileRef = 9854CFDE1EED2EA4008A3454 /* XUIView.h */; settings = {ATTRIBUTES = (Public, ); }; };
		9854CFE11EED2EA4008A3454 /* XUIView.m in Sources */ = {isa = PBXBuildFile; fileRef = 9854CFDF1EED2EA4008A3454 /* XUIView.m */; };
		987923111EF1486400F2534A /* XUIMethodsHelper.h in Headers */ = {isa = PBXBuildFile; fileRef = 9879230F1EF1486400F2534A /* XUIMethodsHelper.h */; };
		987923121EF1486400F2534A /* XUIMethodsHelper.m in Sources */ = {isa = PBXBuildFile; fileRef = 987923101EF1486400F2534A /* XUIMethodsHelper.m */; };
		987923131EF1550F00F2534A /* NSColor+XUIAdditions.m in Sources */ = {isa = PBXBuildFile; fileRef = 98514C5B1EEEDCC20001B8A6 /* NSColor+XUIAdditions.m */; };
		987923461EF1854100F2534A /* NSView+XUIAdditions.h in Headers */ = {isa = PBXBuildFile; fileRef = 987923441EF1854100F2534A /* NSView+XUIAdditions.h */; settings = {ATTRIBUTES = (Public, ); }; };
		987923471EF1854100F2534A /* NSView+XUIAdditions.m in Sources */ = {isa = PBXBuildFile; fileRef = 987923451EF1854100F2534A /* NSView+XUIAdditions.m */; };
		987923481EF188DD00F2534A /* NSControl+XUIAdditions.m in Sources */ = {isa = PBXBuildFile; fileRef = 98C409111EEFF9B300F0A4F6 /* NSControl+XUIAdditions.m */; };
		987923491EF188E100F2534A /* NSControl+Private.m in Sources */ = {isa = PBXBuildFile; fileRef = 98C409151EF014FE00F0A4F6 /* NSControl+Private.m */; };
		987923761EF2A53E00F2534A /* XUIControlTargetAction.h in Headers */ = {isa = PBXBuildFile; fileRef = 987923741EF2A53E00F2534A /* XUIControlTargetAction.h */; };
		987923771EF2A53E00F2534A /* XUIControlTargetAction.m in Sources */ = {isa = PBXBuildFile; fileRef = 987923751EF2A53E00F2534A /* XUIControlTargetAction.m */; };
		98C409121EEFF9B300F0A4F6 /* NSControl+XUIAdditions.h in Headers */ = {isa = PBXBuildFile; fileRef = 98C409101EEFF9B300F0A4F6 /* NSControl+XUIAdditions.h */; };
		98C409161EF014FE00F0A4F6 /* NSControl+Private.h in Headers */ = {isa = PBXBuildFile; fileRef = 98C409141EF014FE00F0A4F6 /* NSControl+Private.h */; };
		98D158461EEAB252005A0434 /* XUIKit.h in Headers */ = {isa = PBXBuildFile; fileRef = 98D158441EEAB252005A0434 /* XUIKit.h */; settings = {ATTRIBUTES = (Public, ); }; };
/* End PBXBuildFile section */

/* Begin PBXFileReference section */
		9813E11B1EED91BB009F1495 /* XUIProperty.h */ = {isa = PBXFileReference; fileEncoding = 4; lastKnownFileType = sourcecode.c.h; path = XUIProperty.h; sourceTree = "<group>"; };
		9813E11C1EED91BB009F1495 /* XUIProperty.m */ = {isa = PBXFileReference; fileEncoding = 4; lastKnownFileType = sourcecode.c.objc; path = XUIProperty.m; sourceTree = "<group>"; };
		98514C5A1EEEDCC20001B8A6 /* NSColor+XUIAdditions.h */ = {isa = PBXFileReference; fileEncoding = 4; lastKnownFileType = sourcecode.c.h; path = "NSColor+XUIAdditions.h"; sourceTree = "<group>"; };
		98514C5B1EEEDCC20001B8A6 /* NSColor+XUIAdditions.m */ = {isa = PBXFileReference; fileEncoding = 4; lastKnownFileType = sourcecode.c.objc; path = "NSColor+XUIAdditions.m"; sourceTree = "<group>"; };
		9854CFBC1EED212C008A3454 /* XUIResponder.h */ = {isa = PBXFileReference; fileEncoding = 4; lastKnownFileType = sourcecode.c.h; path = XUIResponder.h; sourceTree = "<group>"; };
		9854CFBD1EED212C008A3454 /* XUIResponder.m */ = {isa = PBXFileReference; fileEncoding = 4; lastKnownFileType = sourcecode.c.objc; path = XUIResponder.m; sourceTree = "<group>"; };
		9854CFDE1EED2EA4008A3454 /* XUIView.h */ = {isa = PBXFileReference; fileEncoding = 4; lastKnownFileType = sourcecode.c.h; path = XUIView.h; sourceTree = "<group>"; };
		9854CFDF1EED2EA4008A3454 /* XUIView.m */ = {isa = PBXFileReference; fileEncoding = 4; lastKnownFileType = sourcecode.c.objc; path = XUIView.m; sourceTree = "<group>"; };
		9879230F1EF1486400F2534A /* XUIMethodsHelper.h */ = {isa = PBXFileReference; fileEncoding = 4; lastKnownFileType = sourcecode.c.h; path = XUIMethodsHelper.h; sourceTree = "<group>"; };
		987923101EF1486400F2534A /* XUIMethodsHelper.m */ = {isa = PBXFileReference; fileEncoding = 4; lastKnownFileType = sourcecode.c.objc; path = XUIMethodsHelper.m; sourceTree = "<group>"; };
		987923441EF1854100F2534A /* NSView+XUIAdditions.h */ = {isa = PBXFileReference; fileEncoding = 4; lastKnownFileType = sourcecode.c.h; path = "NSView+XUIAdditions.h"; sourceTree = "<group>"; };
		987923451EF1854100F2534A /* NSView+XUIAdditions.m */ = {isa = PBXFileReference; fileEncoding = 4; lastKnownFileType = sourcecode.c.objc; path = "NSView+XUIAdditions.m"; sourceTree = "<group>"; };
		987923741EF2A53E00F2534A /* XUIControlTargetAction.h */ = {isa = PBXFileReference; fileEncoding = 4; lastKnownFileType = sourcecode.c.h; path = XUIControlTargetAction.h; sourceTree = "<group>"; };
		987923751EF2A53E00F2534A /* XUIControlTargetAction.m */ = {isa = PBXFileReference; fileEncoding = 4; lastKnownFileType = sourcecode.c.objc; path = XUIControlTargetAction.m; sourceTree = "<group>"; };
		987923781EF2A88C00F2534A /* XUIType.h */ = {isa = PBXFileReference; lastKnownFileType = sourcecode.c.h; path = XUIType.h; sourceTree = "<group>"; };
		98C409101EEFF9B300F0A4F6 /* NSControl+XUIAdditions.h */ = {isa = PBXFileReference; fileEncoding = 4; lastKnownFileType = sourcecode.c.h; path = "NSControl+XUIAdditions.h"; sourceTree = "<group>"; };
		98C409111EEFF9B300F0A4F6 /* NSControl+XUIAdditions.m */ = {isa = PBXFileReference; fileEncoding = 4; lastKnownFileType = sourcecode.c.objc; path = "NSControl+XUIAdditions.m"; sourceTree = "<group>"; };
		98C409141EF014FE00F0A4F6 /* NSControl+Private.h */ = {isa = PBXFileReference; fileEncoding = 4; lastKnownFileType = sourcecode.c.h; path = "NSControl+Private.h"; sourceTree = "<group>"; };
		98C409151EF014FE00F0A4F6 /* NSControl+Private.m */ = {isa = PBXFileReference; fileEncoding = 4; lastKnownFileType = sourcecode.c.objc; path = "NSControl+Private.m"; sourceTree = "<group>"; };
		98D158411EEAB252005A0434 /* XUIKit.framework */ = {isa = PBXFileReference; explicitFileType = wrapper.framework; includeInIndex = 0; path = XUIKit.framework; sourceTree = BUILT_PRODUCTS_DIR; };
		98D158441EEAB252005A0434 /* XUIKit.h */ = {isa = PBXFileReference; lastKnownFileType = sourcecode.c.h; path = XUIKit.h; sourceTree = "<group>"; };
		98D158451EEAB252005A0434 /* Info.plist */ = {isa = PBXFileReference; lastKnownFileType = text.plist.xml; path = Info.plist; sourceTree = "<group>"; };
/* End PBXFileReference section */

/* Begin PBXFrameworksBuildPhase section */
		98D1583D1EEAB252005A0434 /* Frameworks */ = {
			isa = PBXFrameworksBuildPhase;
			buildActionMask = 2147483647;
			files = (
			);
			runOnlyForDeploymentPostprocessing = 0;
		};
/* End PBXFrameworksBuildPhase section */

/* Begin PBXGroup section */
		9813E11A1EED82F3009F1495 /* XUIProperty */ = {
			isa = PBXGroup;
			children = (
				9813E11B1EED91BB009F1495 /* XUIProperty.h */,
				9813E11C1EED91BB009F1495 /* XUIProperty.m */,
			);
			name = XUIProperty;
			sourceTree = "<group>";
		};
		98514C591EEEDB8C0001B8A6 /* XUIColor */ = {
			isa = PBXGroup;
			children = (
				98514C5A1EEEDCC20001B8A6 /* NSColor+XUIAdditions.h */,
				98514C5B1EEEDCC20001B8A6 /* NSColor+XUIAdditions.m */,
			);
			name = XUIColor;
			sourceTree = "<group>";
		};
		9854CFBB1EED2069008A3454 /* XUIResponder */ = {
			isa = PBXGroup;
			children = (
				9854CFBC1EED212C008A3454 /* XUIResponder.h */,
				9854CFBD1EED212C008A3454 /* XUIResponder.m */,
			);
			name = XUIResponder;
			sourceTree = "<group>";
		};
		9854CFDD1EED2E6D008A3454 /* XUIView */ = {
			isa = PBXGroup;
			children = (
				987923441EF1854100F2534A /* NSView+XUIAdditions.h */,
				987923451EF1854100F2534A /* NSView+XUIAdditions.m */,
				9854CFDE1EED2EA4008A3454 /* XUIView.h */,
				9854CFDF1EED2EA4008A3454 /* XUIView.m */,
			);
			name = XUIView;
			sourceTree = "<group>";
		};
		9879230E1EF1484C00F2534A /* XUIHelper */ = {
			isa = PBXGroup;
			children = (
				9879230F1EF1486400F2534A /* XUIMethodsHelper.h */,
				987923101EF1486400F2534A /* XUIMethodsHelper.m */,
			);
			name = XUIHelper;
			sourceTree = "<group>";
		};
		98C4090F1EEFF5A900F0A4F6 /* XUIControl */ = {
			isa = PBXGroup;
			children = (
				987923741EF2A53E00F2534A /* XUIControlTargetAction.h */,
				987923751EF2A53E00F2534A /* XUIControlTargetAction.m */,
				98C409101EEFF9B300F0A4F6 /* NSControl+XUIAdditions.h */,
				98C409111EEFF9B300F0A4F6 /* NSControl+XUIAdditions.m */,
				98C409141EF014FE00F0A4F6 /* NSControl+Private.h */,
				98C409151EF014FE00F0A4F6 /* NSControl+Private.m */,
			);
			name = XUIControl;
			sourceTree = "<group>";
		};
		98D158371EEAB252005A0434 = {
			isa = PBXGroup;
			children = (
				98D158431EEAB252005A0434 /* XUIKit */,
				98D158421EEAB252005A0434 /* Products */,
			);
			sourceTree = "<group>";
		};
		98D158421EEAB252005A0434 /* Products */ = {
			isa = PBXGroup;
			children = (
				98D158411EEAB252005A0434 /* XUIKit.framework */,
			);
			name = Products;
			sourceTree = "<group>";
		};
		98D158431EEAB252005A0434 /* XUIKit */ = {
			isa = PBXGroup;
			children = (
				98D158441EEAB252005A0434 /* XUIKit.h */,
				987923781EF2A88C00F2534A /* XUIType.h */,
				9879230E1EF1484C00F2534A /* XUIHelper */,
				98C4090F1EEFF5A900F0A4F6 /* XUIControl */,
				98514C591EEEDB8C0001B8A6 /* XUIColor */,
				9813E11A1EED82F3009F1495 /* XUIProperty */,
				9854CFBB1EED2069008A3454 /* XUIResponder */,
				9854CFDD1EED2E6D008A3454 /* XUIView */,
				98D158451EEAB252005A0434 /* Info.plist */,
			);
			path = XUIKit;
			sourceTree = "<group>";
		};
/* End PBXGroup section */

/* Begin PBXHeadersBuildPhase section */
		98D1583E1EEAB252005A0434 /* Headers */ = {
			isa = PBXHeadersBuildPhase;
			buildActionMask = 2147483647;
			files = (
				98D158461EEAB252005A0434 /* XUIKit.h in Headers */,
				98C409161EF014FE00F0A4F6 /* NSControl+Private.h in Headers */,
				987923461EF1854100F2534A /* NSView+XUIAdditions.h in Headers */,
				9854CFE01EED2EA4008A3454 /* XUIView.h in Headers */,
				98514C5C1EEEDCC20001B8A6 /* NSColor+XUIAdditions.h in Headers */,
				9854CFBE1EED212C008A3454 /* XUIResponder.h in Headers */,
				987923111EF1486400F2534A /* XUIMethodsHelper.h in Headers */,
				98C409121EEFF9B300F0A4F6 /* NSControl+XUIAdditions.h in Headers */,
				987923761EF2A53E00F2534A /* XUIControlTargetAction.h in Headers */,
				9813E11D1EED91BB009F1495 /* XUIProperty.h in Headers */,
			);
			runOnlyForDeploymentPostprocessing = 0;
		};
/* End PBXHeadersBuildPhase section */

/* Begin PBXNativeTarget section */
		98D158401EEAB252005A0434 /* XUIKit */ = {
			isa = PBXNativeTarget;
			buildConfigurationList = 98D158491EEAB252005A0434 /* Build configuration list for PBXNativeTarget "XUIKit" */;
			buildPhases = (
				98D1583C1EEAB252005A0434 /* Sources */,
				98D1583D1EEAB252005A0434 /* Frameworks */,
				98D1583E1EEAB252005A0434 /* Headers */,
				98D1583F1EEAB252005A0434 /* Resources */,
			);
			buildRules = (
			);
			dependencies = (
			);
			name = XUIKit;
			productName = XUIKit;
			productReference = 98D158411EEAB252005A0434 /* XUIKit.framework */;
			productType = "com.apple.product-type.framework";
		};
/* End PBXNativeTarget section */

/* Begin PBXProject section */
		98D158381EEAB252005A0434 /* Project object */ = {
			isa = PBXProject;
			attributes = {
				LastUpgradeCheck = 0820;
				ORGANIZATIONNAME = Jovi;
				TargetAttributes = {
					98D158401EEAB252005A0434 = {
						CreatedOnToolsVersion = 8.2.1;
						ProvisioningStyle = Automatic;
					};
				};
			};
			buildConfigurationList = 98D1583B1EEAB252005A0434 /* Build configuration list for PBXProject "XUIKit" */;
			compatibilityVersion = "Xcode 3.2";
			developmentRegion = English;
			hasScannedForEncodings = 0;
			knownRegions = (
				en,
			);
			mainGroup = 98D158371EEAB252005A0434;
			productRefGroup = 98D158421EEAB252005A0434 /* Products */;
			projectDirPath = "";
			projectRoot = "";
			targets = (
				98D158401EEAB252005A0434 /* XUIKit */,
			);
		};
/* End PBXProject section */

/* Begin PBXResourcesBuildPhase section */
		98D1583F1EEAB252005A0434 /* Resources */ = {
			isa = PBXResourcesBuildPhase;
			buildActionMask = 2147483647;
			files = (
			);
			runOnlyForDeploymentPostprocessing = 0;
		};
/* End PBXResourcesBuildPhase section */

/* Begin PBXSourcesBuildPhase section */
		98D1583C1EEAB252005A0434 /* Sources */ = {
			isa = PBXSourcesBuildPhase;
			buildActionMask = 2147483647;
			files = (
				987923491EF188E100F2534A /* NSControl+Private.m in Sources */,
				987923481EF188DD00F2534A /* NSControl+XUIAdditions.m in Sources */,
				987923131EF1550F00F2534A /* NSColor+XUIAdditions.m in Sources */,
				9813E11E1EED91BB009F1495 /* XUIProperty.m in Sources */,
				987923771EF2A53E00F2534A /* XUIControlTargetAction.m in Sources */,
				9854CFE11EED2EA4008A3454 /* XUIView.m in Sources */,
				9854CFBF1EED212C008A3454 /* XUIResponder.m in Sources */,
				987923471EF1854100F2534A /* NSView+XUIAdditions.m in Sources */,
				987923121EF1486400F2534A /* XUIMethodsHelper.m in Sources */,
			);
			runOnlyForDeploymentPostprocessing = 0;
		};
/* End PBXSourcesBuildPhase section */

/* Begin XCBuildConfiguration section */
		98D158471EEAB252005A0434 /* Debug */ = {
			isa = XCBuildConfiguration;
			buildSettings = {
				ALWAYS_SEARCH_USER_PATHS = NO;
				CLANG_ANALYZER_NONNULL = YES;
				CLANG_CXX_LANGUAGE_STANDARD = "gnu++0x";
				CLANG_CXX_LIBRARY = "libc++";
				CLANG_ENABLE_MODULES = YES;
				CLANG_ENABLE_OBJC_ARC = YES;
				CLANG_WARN_BOOL_CONVERSION = YES;
				CLANG_WARN_CONSTANT_CONVERSION = YES;
				CLANG_WARN_DIRECT_OBJC_ISA_USAGE = YES_ERROR;
				CLANG_WARN_DOCUMENTATION_COMMENTS = YES;
				CLANG_WARN_EMPTY_BODY = YES;
				CLANG_WARN_ENUM_CONVERSION = YES;
				CLANG_WARN_INFINITE_RECURSION = YES;
				CLANG_WARN_INT_CONVERSION = YES;
				CLANG_WARN_OBJC_ROOT_CLASS = YES_ERROR;
				CLANG_WARN_SUSPICIOUS_MOVE = YES;
				CLANG_WARN_UNREACHABLE_CODE = YES;
				CLANG_WARN__DUPLICATE_METHOD_MATCH = YES;
				CODE_SIGN_IDENTITY = "-";
				COPY_PHASE_STRIP = NO;
				CURRENT_PROJECT_VERSION = 1;
				DEBUG_INFORMATION_FORMAT = dwarf;
				ENABLE_STRICT_OBJC_MSGSEND = YES;
				ENABLE_TESTABILITY = YES;
				GCC_C_LANGUAGE_STANDARD = gnu99;
				GCC_DYNAMIC_NO_PIC = NO;
				GCC_NO_COMMON_BLOCKS = YES;
				GCC_OPTIMIZATION_LEVEL = 0;
				GCC_PREPROCESSOR_DEFINITIONS = (
					"DEBUG=1",
					"$(inherited)",
				);
				GCC_WARN_64_TO_32_BIT_CONVERSION = YES;
				GCC_WARN_ABOUT_RETURN_TYPE = YES_ERROR;
				GCC_WARN_UNDECLARED_SELECTOR = YES;
				GCC_WARN_UNINITIALIZED_AUTOS = YES_AGGRESSIVE;
				GCC_WARN_UNUSED_FUNCTION = YES;
				GCC_WARN_UNUSED_VARIABLE = YES;
				MACOSX_DEPLOYMENT_TARGET = 10.12;
				MTL_ENABLE_DEBUG_INFO = YES;
				ONLY_ACTIVE_ARCH = YES;
				SDKROOT = macosx;
				VERSIONING_SYSTEM = "apple-generic";
				VERSION_INFO_PREFIX = "";
			};
			name = Debug;
		};
		98D158481EEAB252005A0434 /* Release */ = {
			isa = XCBuildConfiguration;
			buildSettings = {
				ALWAYS_SEARCH_USER_PATHS = NO;
				CLANG_ANALYZER_NONNULL = YES;
				CLANG_CXX_LANGUAGE_STANDARD = "gnu++0x";
				CLANG_CXX_LIBRARY = "libc++";
				CLANG_ENABLE_MODULES = YES;
				CLANG_ENABLE_OBJC_ARC = YES;
				CLANG_WARN_BOOL_CONVERSION = YES;
				CLANG_WARN_CONSTANT_CONVERSION = YES;
				CLANG_WARN_DIRECT_OBJC_ISA_USAGE = YES_ERROR;
				CLANG_WARN_DOCUMENTATION_COMMENTS = YES;
				CLANG_WARN_EMPTY_BODY = YES;
				CLANG_WARN_ENUM_CONVERSION = YES;
				CLANG_WARN_INFINITE_RECURSION = YES;
				CLANG_WARN_INT_CONVERSION = YES;
				CLANG_WARN_OBJC_ROOT_CLASS = YES_ERROR;
				CLANG_WARN_SUSPICIOUS_MOVE = YES;
				CLANG_WARN_UNREACHABLE_CODE = YES;
				CLANG_WARN__DUPLICATE_METHOD_MATCH = YES;
				CODE_SIGN_IDENTITY = "-";
				COPY_PHASE_STRIP = NO;
				CURRENT_PROJECT_VERSION = 1;
				DEBUG_INFORMATION_FORMAT = "dwarf-with-dsym";
				ENABLE_NS_ASSERTIONS = NO;
				ENABLE_STRICT_OBJC_MSGSEND = YES;
				GCC_C_LANGUAGE_STANDARD = gnu99;
				GCC_NO_COMMON_BLOCKS = YES;
				GCC_WARN_64_TO_32_BIT_CONVERSION = YES;
				GCC_WARN_ABOUT_RETURN_TYPE = YES_ERROR;
				GCC_WARN_UNDECLARED_SELECTOR = YES;
				GCC_WARN_UNINITIALIZED_AUTOS = YES_AGGRESSIVE;
				GCC_WARN_UNUSED_FUNCTION = YES;
				GCC_WARN_UNUSED_VARIABLE = YES;
				MACOSX_DEPLOYMENT_TARGET = 10.12;
				MTL_ENABLE_DEBUG_INFO = NO;
				SDKROOT = macosx;
				VERSIONING_SYSTEM = "apple-generic";
				VERSION_INFO_PREFIX = "";
			};
			name = Release;
		};
		98D1584A1EEAB252005A0434 /* Debug */ = {
			isa = XCBuildConfiguration;
			buildSettings = {
				CODE_SIGN_IDENTITY = "";
				COMBINE_HIDPI_IMAGES = YES;
				DEFINES_MODULE = YES;
				DYLIB_COMPATIBILITY_VERSION = 1;
				DYLIB_CURRENT_VERSION = 1;
				DYLIB_INSTALL_NAME_BASE = "@rpath";
				FRAMEWORK_VERSION = A;
				INFOPLIST_FILE = XUIKit/Info.plist;
				INSTALL_PATH = "$(LOCAL_LIBRARY_DIR)/Frameworks";
				LD_RUNPATH_SEARCH_PATHS = "$(inherited) @executable_path/../Frameworks @loader_path/Frameworks";
				MACOSX_DEPLOYMENT_TARGET = 10.7;
				PRODUCT_BUNDLE_IDENTIFIER = com.SingleDogGroup.XUIKit;
				PRODUCT_NAME = "$(TARGET_NAME)";
				SKIP_INSTALL = YES;
			};
			name = Debug;
		};
		98D1584B1EEAB252005A0434 /* Release */ = {
			isa = XCBuildConfiguration;
			buildSettings = {
				CODE_SIGN_IDENTITY = "";
				COMBINE_HIDPI_IMAGES = YES;
				DEFINES_MODULE = YES;
				DYLIB_COMPATIBILITY_VERSION = 1;
				DYLIB_CURRENT_VERSION = 1;
				DYLIB_INSTALL_NAME_BASE = "@rpath";
				FRAMEWORK_VERSION = A;
				INFOPLIST_FILE = XUIKit/Info.plist;
				INSTALL_PATH = "$(LOCAL_LIBRARY_DIR)/Frameworks";
				LD_RUNPATH_SEARCH_PATHS = "$(inherited) @executable_path/../Frameworks @loader_path/Frameworks";
				MACOSX_DEPLOYMENT_TARGET = 10.7;
				PRODUCT_BUNDLE_IDENTIFIER = com.SingleDogGroup.XUIKit;
				PRODUCT_NAME = "$(TARGET_NAME)";
				SKIP_INSTALL = YES;
			};
			name = Release;
		};
/* End XCBuildConfiguration section */

/* Begin XCConfigurationList section */
		98D1583B1EEAB252005A0434 /* Build configuration list for PBXProject "XUIKit" */ = {
			isa = XCConfigurationList;
			buildConfigurations = (
				98D158471EEAB252005A0434 /* Debug */,
				98D158481EEAB252005A0434 /* Release */,
			);
			defaultConfigurationIsVisible = 0;
			defaultConfigurationName = Release;
		};
		98D158491EEAB252005A0434 /* Build configuration list for PBXNativeTarget "XUIKit" */ = {
			isa = XCConfigurationList;
			buildConfigurations = (
				98D1584A1EEAB252005A0434 /* Debug */,
				98D1584B1EEAB252005A0434 /* Release */,
			);
			defaultConfigurationIsVisible = 0;
			defaultConfigurationName = Release;
		};
/* End XCConfigurationList section */
	};
	rootObject = 98D158381EEAB252005A0434 /* Project object */;
}
